
Microsoft Visual Studio Solution File, Format Version 12.00
# Visual Studio Version 17
VisualStudioVersion = 17.14.36623.8 d17.14
MinimumVisualStudioVersion = 10.0.40219.1
Project("{FAE04EC0-301F-11D3-BF4B-00C04F79EFBC}") = "WebVanChuyen", "WebVanChuyen\WebVanChuyen.csproj", "{25D05A90-0610-47B0-901B-E6E5019FCC8D}"
EndProject
Global
	GlobalSection(SolutionConfigurationPlatforms) = preSolution
		Debug|Any CPU = Debug|Any CPU
		Release|Any CPU = Release|Any CPU
	EndGlobalSection
	GlobalSection(ProjectConfigurationPlatforms) = postSolution
		{25D05A90-0610-47B0-901B-E6E5019FCC8D}.Debug|Any CPU.ActiveCfg = Debug|Any CPU
		{25D05A90-0610-47B0-901B-E6E5019FCC8D}.Debug|Any CPU.Build.0 = Debug|Any CPU
		{25D05A90-0610-47B0-901B-E6E5019FCC8D}.Release|Any CPU.ActiveCfg = Release|Any CPU
		{25D05A90-0610-47B0-901B-E6E5019FCC8D}.Release|Any CPU.Build.0 = Release|Any CPU
	EndGlobalSection
	GlobalSection(SolutionProperties) = preSolution
		HideSolutionNode = FALSE
	EndGlobalSection
	GlobalSection(ExtensibilityGlobals) = postSolution
		SolutionGuid = {C8AFC002-02DA-4FC6-BB9C-7E17609C57C6}
	EndGlobalSection
EndGlobal
